
Microsoft Visual Studio Solution File, Format Version 12.00
# Visual Studio Version 17
VisualStudioVersion = 17.2.32616.157
MinimumVisualStudioVersion = 10.0.40219.1
Project("{FAE04EC0-301F-11D3-BF4B-00C04F79EFBC}") = "SpaService.Domain", "SpaService.Domain.csproj", "{D816A08B-E6D9-4108-BA73-A7D62CAFEA11}"
EndProject
Global
	GlobalSection(SolutionConfigurationPlatforms) = preSolution
		Debug|Any CPU = Debug|Any CPU
		Release|Any CPU = Release|Any CPU
	EndGlobalSection
	GlobalSection(ProjectConfigurationPlatforms) = postSolution
		{D816A08B-E6D9-4108-BA73-A7D62CAFEA11}.Debug|Any CPU.ActiveCfg = Debug|Any CPU
		{D816A08B-E6D9-4108-BA73-A7D62CAFEA11}.Debug|Any CPU.Build.0 = Debug|Any CPU
		{D816A08B-E6D9-4108-BA73-A7D62CAFEA11}.Release|Any CPU.ActiveCfg = Release|Any CPU
		{D816A08B-E6D9-4108-BA73-A7D62CAFEA11}.Release|Any CPU.Build.0 = Release|Any CPU
	EndGlobalSection
	GlobalSection(SolutionProperties) = preSolution
		HideSolutionNode = FALSE
	EndGlobalSection
	GlobalSection(ExtensibilityGlobals) = postSolution
		SolutionGuid = {C63D714A-D4BB-4989-9BE2-2FF64CCDB2C8}
	EndGlobalSection
EndGlobal
